
Microsoft Visual Studio Solution File, Format Version 12.00
# Visual Studio Version 17
VisualStudioVersion = 17.8.34525.116
MinimumVisualStudioVersion = 10.0.40219.1
Project("{FAE04EC0-301F-11D3-BF4B-00C04F79EFBC}") = "LEAVEAPPLICATION", "LEAVEAPPLICATION\LEAVEAPPLICATION.csproj", "{B95DBD6A-64B8-4387-8482-E0029519593E}"
EndProject
Global
	GlobalSection(SolutionConfigurationPlatforms) = preSolution
		Debug|Any CPU = Debug|Any CPU
		Release|Any CPU = Release|Any CPU
	EndGlobalSection
	GlobalSection(ProjectConfigurationPlatforms) = postSolution
		{B95DBD6A-64B8-4387-8482-E0029519593E}.Debug|Any CPU.ActiveCfg = Debug|Any CPU
		{B95DBD6A-64B8-4387-8482-E0029519593E}.Debug|Any CPU.Build.0 = Debug|Any CPU
		{B95DBD6A-64B8-4387-8482-E0029519593E}.Release|Any CPU.ActiveCfg = Release|Any CPU
		{B95DBD6A-64B8-4387-8482-E0029519593E}.Release|Any CPU.Build.0 = Release|Any CPU
	EndGlobalSection
	GlobalSection(SolutionProperties) = preSolution
		HideSolutionNode = FALSE
	EndGlobalSection
	GlobalSection(ExtensibilityGlobals) = postSolution
		SolutionGuid = {98574EDD-EC3D-4B61-B7AC-AB1431CDDED9}
	EndGlobalSection
EndGlobal
